{
  "version": 4,
  "terraform_version": "1.9.8",
  "serial": 2475,
  "lineage": "644b9d96-be2b-921d-b616-fd6a705a6c62",
  "outputs": {},
  "resources": [
    {
      "mode": "data",
      "type": "aws_iam_role",
      "name": "labrole-arn",
      "provider": "provider[\"registry.terraform.io/hashicorp/aws\"]",
      "instances": [
        {
          "schema_version": 0,
          "attributes": {
            "arn": "arn:aws:iam::624354623866:role/LabRole",
            "assume_role_policy": "{\"Version\":\"2012-10-17\",\"Statement\":[{\"Effect\":\"Allow\",\"Principal\":{\"Service\":[\"cloudformation.amazonaws.com\",\"ec2.application-autoscaling.amazonaws.com\",\"kms.amazonaws.com\",\"elasticmapreduce.amazonaws.com\",\"resource-groups.amazonaws.com\",\"scheduler.amazonaws.com\",\"sagemaker.amazonaws.com\",\"autoscaling.amazonaws.com\",\"batch.amazonaws.com\",\"ecs.amazonaws.com\",\"apigateway.amazonaws.com\",\"s3.amazonaws.com\",\"redshift.amazonaws.com\",\"codedeploy.amazonaws.com\",\"elasticbeanstalk.amazonaws.com\",\"states.amazonaws.com\",\"kinesis.amazonaws.com\",\"kinesisanalytics.amazonaws.com\",\"secretsmanager.amazonaws.com\",\"events.amazonaws.com\",\"firehose.amazonaws.com\",\"logs.amazonaws.com\",\"databrew.amazonaws.com\",\"eks-fargate-pods.amazonaws.com\",\"cognito-idp.amazonaws.com\",\"glue.amazonaws.com\",\"dynamodb.amazonaws.com\",\"ssm.amazonaws.com\",\"cloudtrail.amazonaws.com\",\"deepracer.amazonaws.com\",\"iot.amazonaws.com\",\"elasticfilesystem.amazonaws.com\",\"iotanalytics.amazonaws.com\",\"ecs-tasks.amazonaws.com\",\"sns.amazonaws.com\",\"lambda.amazonaws.com\",\"rekognition.amazonaws.com\",\"codecommit.amazonaws.com\",\"iotevents.amazonaws.com\",\"eks.amazonaws.com\",\"application-autoscaling.amazonaws.com\",\"elasticloadbalancing.amazonaws.com\",\"backup.amazonaws.com\",\"servicecatalog.amazonaws.com\",\"sqs.amazonaws.com\",\"cloud9.amazonaws.com\",\"pipes.amazonaws.com\",\"ec2.amazonaws.com\",\"credentials.iot.amazonaws.com\",\"athena.amazonaws.com\",\"codewhisperer.amazonaws.com\",\"forecast.amazonaws.com\",\"rds.amazonaws.com\"],\"AWS\":\"arn:aws:iam::624354623866:role/LabRole\"},\"Action\":\"sts:AssumeRole\"}]}",
            "create_date": "2024-11-24T15:03:05Z",
            "description": "",
            "id": "LabRole",
            "max_session_duration": 3600,
            "name": "LabRole",
            "path": "/",
            "permissions_boundary": "",
            "role_last_used": [
              {
                "last_used_date": "2024-11-28T21:00:22Z",
                "region": "us-east-1"
              }
            ],
            "tags": {
              "cloudlab": "c124834a3084140l7353142t1w624354623866"
            },
            "unique_id": "AROAZCXTPQF5NQVKMTI4E"
          },
          "sensitive_attributes": []
        }
      ]
    },
    {
      "mode": "managed",
      "type": "aws_eip",
      "name": "nat_eip",
      "provider": "provider[\"registry.terraform.io/hashicorp/aws\"]",
      "instances": [
        {
          "schema_version": 0,
          "attributes": {
            "address": null,
            "allocation_id": "eipalloc-0327c4d38ae1ce255",
            "arn": "arn:aws:ec2:us-east-1:624354623866:elastic-ip/eipalloc-0327c4d38ae1ce255",
            "associate_with_private_ip": null,
            "association_id": "",
            "carrier_ip": "",
            "customer_owned_ip": "",
            "customer_owned_ipv4_pool": "",
            "domain": "vpc",
            "id": "eipalloc-0327c4d38ae1ce255",
            "instance": "",
            "ipam_pool_id": null,
            "network_border_group": "us-east-1",
            "network_interface": "",
            "private_dns": null,
            "private_ip": "",
            "ptr_record": "",
            "public_dns": "ec2-54-167-248-45.compute-1.amazonaws.com",
            "public_ip": "54.167.248.45",
            "public_ipv4_pool": "amazon",
            "tags": {
              "Name": "e-shop-nat-eip"
            },
            "tags_all": {
              "Name": "e-shop-nat-eip"
            },
            "timeouts": null,
            "vpc": true
          },
          "sensitive_attributes": [],
          "private": "eyJlMmJmYjczMC1lY2FhLTExZTYtOGY4OC0zNDM2M2JjN2M0YzAiOnsiZGVsZXRlIjoxODAwMDAwMDAwMDAsInJlYWQiOjkwMDAwMDAwMDAwMCwidXBkYXRlIjozMDAwMDAwMDAwMDB9fQ=="
        }
      ]
    },
    {
      "mode": "managed",
      "type": "aws_internet_gateway",
      "name": "gw",
      "provider": "provider[\"registry.terraform.io/hashicorp/aws\"]",
      "instances": [
        {
          "schema_version": 0,
          "attributes": {
            "arn": "arn:aws:ec2:us-east-1:624354623866:internet-gateway/igw-00e2fe0765f219e63",
            "id": "igw-00e2fe0765f219e63",
            "owner_id": "624354623866",
            "tags": {
              "Name": "e-shop-igw"
            },
            "tags_all": {
              "Name": "e-shop-igw"
            },
            "timeouts": null,
            "vpc_id": "vpc-00544f357b9c9b581"
          },
          "sensitive_attributes": [],
          "private": "eyJlMmJmYjczMC1lY2FhLTExZTYtOGY4OC0zNDM2M2JjN2M0YzAiOnsiY3JlYXRlIjoxMjAwMDAwMDAwMDAwLCJkZWxldGUiOjEyMDAwMDAwMDAwMDAsInVwZGF0ZSI6MTIwMDAwMDAwMDAwMH19",
          "dependencies": [
            "aws_vpc.main"
          ]
        }
      ]
    },
    {
      "mode": "managed",
      "type": "aws_nat_gateway",
      "name": "nat",
      "provider": "provider[\"registry.terraform.io/hashicorp/aws\"]",
      "instances": [
        {
          "schema_version": 0,
          "attributes": {
            "allocation_id": "eipalloc-0327c4d38ae1ce255",
            "association_id": "eipassoc-0334ee9f9698481e6",
            "connectivity_type": "public",
            "id": "nat-039069d1a917d9989",
            "network_interface_id": "eni-0034b5ac364c8e881",
            "private_ip": "10.0.1.89",
            "public_ip": "54.167.248.45",
            "secondary_allocation_ids": null,
            "secondary_private_ip_address_count": 0,
            "secondary_private_ip_addresses": [],
            "subnet_id": "subnet-00612a86942037615",
            "tags": {
              "Name": "e-shop-nat-gateway"
            },
            "tags_all": {
              "Name": "e-shop-nat-gateway"
            },
            "timeouts": null
          },
          "sensitive_attributes": [],
          "private": "eyJlMmJmYjczMC1lY2FhLTExZTYtOGY4OC0zNDM2M2JjN2M0YzAiOnsiY3JlYXRlIjo2MDAwMDAwMDAwMDAsImRlbGV0ZSI6MTgwMDAwMDAwMDAwMCwidXBkYXRlIjo2MDAwMDAwMDAwMDB9fQ==",
          "dependencies": [
            "aws_eip.nat_eip",
            "aws_internet_gateway.gw",
            "aws_subnet.public1",
            "aws_vpc.main"
          ]
        }
      ]
    },
    {
      "mode": "managed",
      "type": "aws_route_table",
      "name": "private",
      "provider": "provider[\"registry.terraform.io/hashicorp/aws\"]",
      "instances": [
        {
          "schema_version": 0,
          "attributes": {
            "arn": "arn:aws:ec2:us-east-1:624354623866:route-table/rtb-0f0c97f26d80fbb77",
            "id": "rtb-0f0c97f26d80fbb77",
            "owner_id": "624354623866",
            "propagating_vgws": [],
            "route": [
              {
                "carrier_gateway_id": "",
                "cidr_block": "0.0.0.0/0",
                "core_network_arn": "",
                "destination_prefix_list_id": "",
                "egress_only_gateway_id": "",
                "gateway_id": "",
                "ipv6_cidr_block": "",
                "local_gateway_id": "",
                "nat_gateway_id": "nat-039069d1a917d9989",
                "network_interface_id": "",
                "transit_gateway_id": "",
                "vpc_endpoint_id": "",
                "vpc_peering_connection_id": ""
              }
            ],
            "tags": {
              "Name": "e-shop-private-rt"
            },
            "tags_all": {
              "Name": "e-shop-private-rt"
            },
            "timeouts": null,
            "vpc_id": "vpc-00544f357b9c9b581"
          },
          "sensitive_attributes": [],
          "private": "eyJlMmJmYjczMC1lY2FhLTExZTYtOGY4OC0zNDM2M2JjN2M0YzAiOnsiY3JlYXRlIjozMDAwMDAwMDAwMDAsImRlbGV0ZSI6MzAwMDAwMDAwMDAwLCJ1cGRhdGUiOjEyMDAwMDAwMDAwMH19",
          "dependencies": [
            "aws_eip.nat_eip",
            "aws_internet_gateway.gw",
            "aws_nat_gateway.nat",
            "aws_subnet.public1",
            "aws_vpc.main"
          ]
        }
      ]
    },
    {
      "mode": "managed",
      "type": "aws_route_table",
      "name": "public",
      "provider": "provider[\"registry.terraform.io/hashicorp/aws\"]",
      "instances": [
        {
          "schema_version": 0,
          "attributes": {
            "arn": "arn:aws:ec2:us-east-1:624354623866:route-table/rtb-01a7888f125a361a5",
            "id": "rtb-01a7888f125a361a5",
            "owner_id": "624354623866",
            "propagating_vgws": [],
            "route": [
              {
                "carrier_gateway_id": "",
                "cidr_block": "0.0.0.0/0",
                "core_network_arn": "",
                "destination_prefix_list_id": "",
                "egress_only_gateway_id": "",
                "gateway_id": "igw-00e2fe0765f219e63",
                "ipv6_cidr_block": "",
                "local_gateway_id": "",
                "nat_gateway_id": "",
                "network_interface_id": "",
                "transit_gateway_id": "",
                "vpc_endpoint_id": "",
                "vpc_peering_connection_id": ""
              }
            ],
            "tags": {
              "Name": "e-shop-public-rt"
            },
            "tags_all": {
              "Name": "e-shop-public-rt"
            },
            "timeouts": null,
            "vpc_id": "vpc-00544f357b9c9b581"
          },
          "sensitive_attributes": [],
          "private": "eyJlMmJmYjczMC1lY2FhLTExZTYtOGY4OC0zNDM2M2JjN2M0YzAiOnsiY3JlYXRlIjozMDAwMDAwMDAwMDAsImRlbGV0ZSI6MzAwMDAwMDAwMDAwLCJ1cGRhdGUiOjEyMDAwMDAwMDAwMH19",
          "dependencies": [
            "aws_internet_gateway.gw",
            "aws_vpc.main"
          ]
        }
      ]
    },
    {
      "mode": "managed",
      "type": "aws_route_table_association",
      "name": "private1",
      "provider": "provider[\"registry.terraform.io/hashicorp/aws\"]",
      "instances": [
        {
          "schema_version": 0,
          "attributes": {
            "gateway_id": "",
            "id": "rtbassoc-0ce2ce8245f6cb984",
            "route_table_id": "rtb-0f0c97f26d80fbb77",
            "subnet_id": "subnet-0b496fb8bab590279",
            "timeouts": null
          },
          "sensitive_attributes": [],
          "private": "eyJlMmJmYjczMC1lY2FhLTExZTYtOGY4OC0zNDM2M2JjN2M0YzAiOnsiY3JlYXRlIjozMDAwMDAwMDAwMDAsImRlbGV0ZSI6MzAwMDAwMDAwMDAwLCJ1cGRhdGUiOjEyMDAwMDAwMDAwMH19",
          "dependencies": [
            "aws_eip.nat_eip",
            "aws_internet_gateway.gw",
            "aws_nat_gateway.nat",
            "aws_route_table.private",
            "aws_subnet.private1",
            "aws_subnet.public1",
            "aws_vpc.main"
          ]
        }
      ]
    },
    {
      "mode": "managed",
      "type": "aws_route_table_association",
      "name": "private2",
      "provider": "provider[\"registry.terraform.io/hashicorp/aws\"]",
      "instances": [
        {
          "schema_version": 0,
          "attributes": {
            "gateway_id": "",
            "id": "rtbassoc-0432848ff83bd0b8e",
            "route_table_id": "rtb-0f0c97f26d80fbb77",
            "subnet_id": "subnet-095b231ce6cdcbd6e",
            "timeouts": null
          },
          "sensitive_attributes": [],
          "private": "eyJlMmJmYjczMC1lY2FhLTExZTYtOGY4OC0zNDM2M2JjN2M0YzAiOnsiY3JlYXRlIjozMDAwMDAwMDAwMDAsImRlbGV0ZSI6MzAwMDAwMDAwMDAwLCJ1cGRhdGUiOjEyMDAwMDAwMDAwMH19",
          "dependencies": [
            "aws_eip.nat_eip",
            "aws_internet_gateway.gw",
            "aws_nat_gateway.nat",
            "aws_route_table.private",
            "aws_subnet.private2",
            "aws_subnet.public1",
            "aws_vpc.main"
          ]
        }
      ]
    },
    {
      "mode": "managed",
      "type": "aws_route_table_association",
      "name": "public1",
      "provider": "provider[\"registry.terraform.io/hashicorp/aws\"]",
      "instances": [
        {
          "schema_version": 0,
          "attributes": {
            "gateway_id": "",
            "id": "rtbassoc-02a82d69a5c49dcb7",
            "route_table_id": "rtb-01a7888f125a361a5",
            "subnet_id": "subnet-00612a86942037615",
            "timeouts": null
          },
          "sensitive_attributes": [],
          "private": "eyJlMmJmYjczMC1lY2FhLTExZTYtOGY4OC0zNDM2M2JjN2M0YzAiOnsiY3JlYXRlIjozMDAwMDAwMDAwMDAsImRlbGV0ZSI6MzAwMDAwMDAwMDAwLCJ1cGRhdGUiOjEyMDAwMDAwMDAwMH19",
          "dependencies": [
            "aws_internet_gateway.gw",
            "aws_route_table.public",
            "aws_subnet.public1",
            "aws_vpc.main"
          ]
        }
      ]
    },
    {
      "mode": "managed",
      "type": "aws_route_table_association",
      "name": "public2",
      "provider": "provider[\"registry.terraform.io/hashicorp/aws\"]",
      "instances": [
        {
          "schema_version": 0,
          "attributes": {
            "gateway_id": "",
            "id": "rtbassoc-05d5d545c932f9c97",
            "route_table_id": "rtb-01a7888f125a361a5",
            "subnet_id": "subnet-016c412f1f47c04b2",
            "timeouts": null
          },
          "sensitive_attributes": [],
          "private": "eyJlMmJmYjczMC1lY2FhLTExZTYtOGY4OC0zNDM2M2JjN2M0YzAiOnsiY3JlYXRlIjozMDAwMDAwMDAwMDAsImRlbGV0ZSI6MzAwMDAwMDAwMDAwLCJ1cGRhdGUiOjEyMDAwMDAwMDAwMH19",
          "dependencies": [
            "aws_internet_gateway.gw",
            "aws_route_table.public",
            "aws_subnet.public2",
            "aws_vpc.main"
          ]
        }
      ]
    },
    {
      "mode": "managed",
      "type": "aws_subnet",
      "name": "private1",
      "provider": "provider[\"registry.terraform.io/hashicorp/aws\"]",
      "instances": [
        {
          "schema_version": 1,
          "attributes": {
            "arn": "arn:aws:ec2:us-east-1:624354623866:subnet/subnet-0b496fb8bab590279",
            "assign_ipv6_address_on_creation": false,
            "availability_zone": "us-east-1a",
            "availability_zone_id": "use1-az1",
            "cidr_block": "10.0.2.0/24",
            "customer_owned_ipv4_pool": "",
            "enable_dns64": false,
            "enable_lni_at_device_index": 0,
            "enable_resource_name_dns_a_record_on_launch": false,
            "enable_resource_name_dns_aaaa_record_on_launch": false,
            "id": "subnet-0b496fb8bab590279",
            "ipv6_cidr_block": "",
            "ipv6_cidr_block_association_id": "",
            "ipv6_native": false,
            "map_customer_owned_ip_on_launch": false,
            "map_public_ip_on_launch": false,
            "outpost_arn": "",
            "owner_id": "624354623866",
            "private_dns_hostname_type_on_launch": "ip-name",
            "tags": {
              "Name": "e-shop-private-subnet1"
            },
            "tags_all": {
              "Name": "e-shop-private-subnet1"
            },
            "timeouts": null,
            "vpc_id": "vpc-00544f357b9c9b581"
          },
          "sensitive_attributes": [],
          "private": "eyJlMmJmYjczMC1lY2FhLTExZTYtOGY4OC0zNDM2M2JjN2M0YzAiOnsiY3JlYXRlIjo2MDAwMDAwMDAwMDAsImRlbGV0ZSI6MTIwMDAwMDAwMDAwMH0sInNjaGVtYV92ZXJzaW9uIjoiMSJ9",
          "dependencies": [
            "aws_vpc.main"
          ],
          "create_before_destroy": true
        }
      ]
    },
    {
      "mode": "managed",
      "type": "aws_subnet",
      "name": "private2",
      "provider": "provider[\"registry.terraform.io/hashicorp/aws\"]",
      "instances": [
        {
          "schema_version": 1,
          "attributes": {
            "arn": "arn:aws:ec2:us-east-1:624354623866:subnet/subnet-095b231ce6cdcbd6e",
            "assign_ipv6_address_on_creation": false,
            "availability_zone": "us-east-1b",
            "availability_zone_id": "use1-az2",
            "cidr_block": "10.0.4.0/24",
            "customer_owned_ipv4_pool": "",
            "enable_dns64": false,
            "enable_lni_at_device_index": 0,
            "enable_resource_name_dns_a_record_on_launch": false,
            "enable_resource_name_dns_aaaa_record_on_launch": false,
            "id": "subnet-095b231ce6cdcbd6e",
            "ipv6_cidr_block": "",
            "ipv6_cidr_block_association_id": "",
            "ipv6_native": false,
            "map_customer_owned_ip_on_launch": false,
            "map_public_ip_on_launch": false,
            "outpost_arn": "",
            "owner_id": "624354623866",
            "private_dns_hostname_type_on_launch": "ip-name",
            "tags": {
              "Name": "e-shop-private-subnet2"
            },
            "tags_all": {
              "Name": "e-shop-private-subnet2"
            },
            "timeouts": null,
            "vpc_id": "vpc-00544f357b9c9b581"
          },
          "sensitive_attributes": [],
          "private": "eyJlMmJmYjczMC1lY2FhLTExZTYtOGY4OC0zNDM2M2JjN2M0YzAiOnsiY3JlYXRlIjo2MDAwMDAwMDAwMDAsImRlbGV0ZSI6MTIwMDAwMDAwMDAwMH0sInNjaGVtYV92ZXJzaW9uIjoiMSJ9",
          "dependencies": [
            "aws_vpc.main"
          ],
          "create_before_destroy": true
        }
      ]
    },
    {
      "mode": "managed",
      "type": "aws_subnet",
      "name": "public1",
      "provider": "provider[\"registry.terraform.io/hashicorp/aws\"]",
      "instances": [
        {
          "schema_version": 1,
          "attributes": {
            "arn": "arn:aws:ec2:us-east-1:624354623866:subnet/subnet-00612a86942037615",
            "assign_ipv6_address_on_creation": false,
            "availability_zone": "us-east-1a",
            "availability_zone_id": "use1-az1",
            "cidr_block": "10.0.1.0/24",
            "customer_owned_ipv4_pool": "",
            "enable_dns64": false,
            "enable_lni_at_device_index": 0,
            "enable_resource_name_dns_a_record_on_launch": false,
            "enable_resource_name_dns_aaaa_record_on_launch": false,
            "id": "subnet-00612a86942037615",
            "ipv6_cidr_block": "",
            "ipv6_cidr_block_association_id": "",
            "ipv6_native": false,
            "map_customer_owned_ip_on_launch": false,
            "map_public_ip_on_launch": true,
            "outpost_arn": "",
            "owner_id": "624354623866",
            "private_dns_hostname_type_on_launch": "ip-name",
            "tags": {
              "Name": "e-shop-public-subnet1"
            },
            "tags_all": {
              "Name": "e-shop-public-subnet1"
            },
            "timeouts": null,
            "vpc_id": "vpc-00544f357b9c9b581"
          },
          "sensitive_attributes": [],
          "private": "eyJlMmJmYjczMC1lY2FhLTExZTYtOGY4OC0zNDM2M2JjN2M0YzAiOnsiY3JlYXRlIjo2MDAwMDAwMDAwMDAsImRlbGV0ZSI6MTIwMDAwMDAwMDAwMH0sInNjaGVtYV92ZXJzaW9uIjoiMSJ9",
          "dependencies": [
            "aws_vpc.main"
          ],
          "create_before_destroy": true
        }
      ]
    },
    {
      "mode": "managed",
      "type": "aws_subnet",
      "name": "public2",
      "provider": "provider[\"registry.terraform.io/hashicorp/aws\"]",
      "instances": [
        {
          "schema_version": 1,
          "attributes": {
            "arn": "arn:aws:ec2:us-east-1:624354623866:subnet/subnet-016c412f1f47c04b2",
            "assign_ipv6_address_on_creation": false,
            "availability_zone": "us-east-1b",
            "availability_zone_id": "use1-az2",
            "cidr_block": "10.0.3.0/24",
            "customer_owned_ipv4_pool": "",
            "enable_dns64": false,
            "enable_lni_at_device_index": 0,
            "enable_resource_name_dns_a_record_on_launch": false,
            "enable_resource_name_dns_aaaa_record_on_launch": false,
            "id": "subnet-016c412f1f47c04b2",
            "ipv6_cidr_block": "",
            "ipv6_cidr_block_association_id": "",
            "ipv6_native": false,
            "map_customer_owned_ip_on_launch": false,
            "map_public_ip_on_launch": true,
            "outpost_arn": "",
            "owner_id": "624354623866",
            "private_dns_hostname_type_on_launch": "ip-name",
            "tags": {
              "Name": "e-shop-public-subnet2"
            },
            "tags_all": {
              "Name": "e-shop-public-subnet2"
            },
            "timeouts": null,
            "vpc_id": "vpc-00544f357b9c9b581"
          },
          "sensitive_attributes": [],
          "private": "eyJlMmJmYjczMC1lY2FhLTExZTYtOGY4OC0zNDM2M2JjN2M0YzAiOnsiY3JlYXRlIjo2MDAwMDAwMDAwMDAsImRlbGV0ZSI6MTIwMDAwMDAwMDAwMH0sInNjaGVtYV92ZXJzaW9uIjoiMSJ9",
          "dependencies": [
            "aws_vpc.main"
          ],
          "create_before_destroy": true
        }
      ]
    },
    {
      "mode": "managed",
      "type": "aws_vpc",
      "name": "main",
      "provider": "provider[\"registry.terraform.io/hashicorp/aws\"]",
      "instances": [
        {
          "schema_version": 1,
          "attributes": {
            "arn": "arn:aws:ec2:us-east-1:624354623866:vpc/vpc-00544f357b9c9b581",
            "assign_generated_ipv6_cidr_block": false,
            "cidr_block": "10.0.0.0/16",
            "default_network_acl_id": "acl-08d9c4c7d568babcd",
            "default_route_table_id": "rtb-0de52174ade15feca",
            "default_security_group_id": "sg-07096b60e46d5a9bc",
            "dhcp_options_id": "dopt-007fb321b4594785e",
            "enable_dns_hostnames": false,
            "enable_dns_support": true,
            "enable_network_address_usage_metrics": false,
            "id": "vpc-00544f357b9c9b581",
            "instance_tenancy": "default",
            "ipv4_ipam_pool_id": null,
            "ipv4_netmask_length": null,
            "ipv6_association_id": "",
            "ipv6_cidr_block": "",
            "ipv6_cidr_block_network_border_group": "",
            "ipv6_ipam_pool_id": "",
            "ipv6_netmask_length": 0,
            "main_route_table_id": "rtb-0de52174ade15feca",
            "owner_id": "624354623866",
            "tags": {
              "Name": "e-shop-vpc"
            },
            "tags_all": {
              "Name": "e-shop-vpc"
            }
          },
          "sensitive_attributes": [],
          "private": "eyJzY2hlbWFfdmVyc2lvbiI6IjEifQ==",
          "create_before_destroy": true
        }
      ]
    },
    {
      "mode": "managed",
      "type": "null_resource",
      "name": "update_kubeconfig",
      "provider": "provider[\"registry.terraform.io/hashicorp/null\"]",
      "instances": [
        {
          "schema_version": 0,
          "attributes": {
            "id": "3592992877006089733",
            "triggers": null
          },
          "sensitive_attributes": [],
          "dependencies": [
            "aws_subnet.private1",
            "aws_subnet.private2",
            "aws_subnet.public1",
            "aws_subnet.public2",
            "aws_vpc.main",
            "module.eks.aws_cloudwatch_log_group.this",
            "module.eks.aws_ec2_tag.cluster_primary_security_group",
            "module.eks.aws_eks_addon.this",
            "module.eks.aws_eks_cluster.this",
            "module.eks.aws_eks_identity_provider_config.this",
            "module.eks.aws_iam_openid_connect_provider.oidc_provider",
            "module.eks.aws_iam_policy.cluster_encryption",
            "module.eks.aws_iam_policy.cni_ipv6_policy",
            "module.eks.aws_iam_role.this",
            "module.eks.aws_iam_role_policy_attachment.cluster_encryption",
            "module.eks.aws_iam_role_policy_attachment.this",
            "module.eks.aws_security_group.cluster",
            "module.eks.aws_security_group.node",
            "module.eks.aws_security_group_rule.cluster",
            "module.eks.aws_security_group_rule.node",
            "module.eks.data.aws_caller_identity.current",
            "module.eks.data.aws_default_tags.current",
            "module.eks.data.aws_iam_policy_document.assume_role_policy",
            "module.eks.data.aws_iam_policy_document.cni_ipv6_policy",
            "module.eks.data.aws_partition.current",
            "module.eks.data.tls_certificate.this",
            "module.eks.kubernetes_config_map.aws_auth",
            "module.eks.kubernetes_config_map_v1_data.aws_auth",
            "module.eks.module.eks_managed_node_group.aws_eks_node_group.this",
            "module.eks.module.eks_managed_node_group.aws_iam_role.this",
            "module.eks.module.eks_managed_node_group.aws_iam_role_policy_attachment.this",
            "module.eks.module.eks_managed_node_group.aws_launch_template.this",
            "module.eks.module.eks_managed_node_group.aws_security_group.this",
            "module.eks.module.eks_managed_node_group.aws_security_group_rule.this",
            "module.eks.module.eks_managed_node_group.data.aws_caller_identity.current",
            "module.eks.module.eks_managed_node_group.data.aws_iam_policy_document.assume_role_policy",
            "module.eks.module.eks_managed_node_group.data.aws_partition.current",
            "module.eks.module.eks_managed_node_group.module.user_data.data.cloudinit_config.linux_eks_managed_node_group",
            "module.eks.module.fargate_profile.aws_eks_fargate_profile.this",
            "module.eks.module.fargate_profile.aws_iam_role.this",
            "module.eks.module.fargate_profile.aws_iam_role_policy_attachment.this",
            "module.eks.module.fargate_profile.data.aws_caller_identity.current",
            "module.eks.module.fargate_profile.data.aws_iam_policy_document.assume_role_policy",
            "module.eks.module.fargate_profile.data.aws_partition.current",
            "module.eks.module.kms.aws_kms_alias.this",
            "module.eks.module.kms.aws_kms_external_key.this",
            "module.eks.module.kms.aws_kms_grant.this",
            "module.eks.module.kms.aws_kms_key.this",
            "module.eks.module.kms.data.aws_caller_identity.current",
            "module.eks.module.kms.data.aws_iam_policy_document.this",
            "module.eks.module.kms.data.aws_partition.current",
            "module.eks.module.self_managed_node_group.aws_autoscaling_group.this",
            "module.eks.module.self_managed_node_group.aws_autoscaling_schedule.this",
            "module.eks.module.self_managed_node_group.aws_iam_instance_profile.this",
            "module.eks.module.self_managed_node_group.aws_iam_role.this",
            "module.eks.module.self_managed_node_group.aws_iam_role_policy_attachment.this",
            "module.eks.module.self_managed_node_group.aws_launch_template.this",
            "module.eks.module.self_managed_node_group.aws_security_group.this",
            "module.eks.module.self_managed_node_group.aws_security_group_rule.this",
            "module.eks.module.self_managed_node_group.data.aws_ami.eks_default",
            "module.eks.module.self_managed_node_group.data.aws_caller_identity.current",
            "module.eks.module.self_managed_node_group.data.aws_default_tags.current",
            "module.eks.module.self_managed_node_group.data.aws_iam_policy_document.assume_role_policy",
            "module.eks.module.self_managed_node_group.data.aws_partition.current",
            "module.eks.module.self_managed_node_group.module.user_data.data.cloudinit_config.linux_eks_managed_node_group"
          ]
        }
      ]
    },
    {
      "mode": "managed",
      "type": "null_resource",
      "name": "wait_and_apply_k8s_manifests",
      "provider": "provider[\"registry.terraform.io/hashicorp/null\"]",
      "instances": [
        {
          "schema_version": 0,
          "attributes": {
            "id": "4433016080109073143",
            "triggers": null
          },
          "sensitive_attributes": [],
          "dependencies": [
            "aws_subnet.private1",
            "aws_subnet.private2",
            "aws_subnet.public1",
            "aws_subnet.public2",
            "aws_vpc.main",
            "module.eks.aws_cloudwatch_log_group.this",
            "module.eks.aws_ec2_tag.cluster_primary_security_group",
            "module.eks.aws_eks_addon.this",
            "module.eks.aws_eks_cluster.this",
            "module.eks.aws_eks_identity_provider_config.this",
            "module.eks.aws_iam_openid_connect_provider.oidc_provider",
            "module.eks.aws_iam_policy.cluster_encryption",
            "module.eks.aws_iam_policy.cni_ipv6_policy",
            "module.eks.aws_iam_role.this",
            "module.eks.aws_iam_role_policy_attachment.cluster_encryption",
            "module.eks.aws_iam_role_policy_attachment.this",
            "module.eks.aws_security_group.cluster",
            "module.eks.aws_security_group.node",
            "module.eks.aws_security_group_rule.cluster",
            "module.eks.aws_security_group_rule.node",
            "module.eks.data.aws_caller_identity.current",
            "module.eks.data.aws_default_tags.current",
            "module.eks.data.aws_iam_policy_document.assume_role_policy",
            "module.eks.data.aws_iam_policy_document.cni_ipv6_policy",
            "module.eks.data.aws_partition.current",
            "module.eks.data.tls_certificate.this",
            "module.eks.kubernetes_config_map.aws_auth",
            "module.eks.kubernetes_config_map_v1_data.aws_auth",
            "module.eks.module.eks_managed_node_group.aws_eks_node_group.this",
            "module.eks.module.eks_managed_node_group.aws_iam_role.this",
            "module.eks.module.eks_managed_node_group.aws_iam_role_policy_attachment.this",
            "module.eks.module.eks_managed_node_group.aws_launch_template.this",
            "module.eks.module.eks_managed_node_group.aws_security_group.this",
            "module.eks.module.eks_managed_node_group.aws_security_group_rule.this",
            "module.eks.module.eks_managed_node_group.data.aws_caller_identity.current",
            "module.eks.module.eks_managed_node_group.data.aws_iam_policy_document.assume_role_policy",
            "module.eks.module.eks_managed_node_group.data.aws_partition.current",
            "module.eks.module.eks_managed_node_group.module.user_data.data.cloudinit_config.linux_eks_managed_node_group",
            "module.eks.module.fargate_profile.aws_eks_fargate_profile.this",
            "module.eks.module.fargate_profile.aws_iam_role.this",
            "module.eks.module.fargate_profile.aws_iam_role_policy_attachment.this",
            "module.eks.module.fargate_profile.data.aws_caller_identity.current",
            "module.eks.module.fargate_profile.data.aws_iam_policy_document.assume_role_policy",
            "module.eks.module.fargate_profile.data.aws_partition.current",
            "module.eks.module.kms.aws_kms_alias.this",
            "module.eks.module.kms.aws_kms_external_key.this",
            "module.eks.module.kms.aws_kms_grant.this",
            "module.eks.module.kms.aws_kms_key.this",
            "module.eks.module.kms.data.aws_caller_identity.current",
            "module.eks.module.kms.data.aws_iam_policy_document.this",
            "module.eks.module.kms.data.aws_partition.current",
            "module.eks.module.self_managed_node_group.aws_autoscaling_group.this",
            "module.eks.module.self_managed_node_group.aws_autoscaling_schedule.this",
            "module.eks.module.self_managed_node_group.aws_iam_instance_profile.this",
            "module.eks.module.self_managed_node_group.aws_iam_role.this",
            "module.eks.module.self_managed_node_group.aws_iam_role_policy_attachment.this",
            "module.eks.module.self_managed_node_group.aws_launch_template.this",
            "module.eks.module.self_managed_node_group.aws_security_group.this",
            "module.eks.module.self_managed_node_group.aws_security_group_rule.this",
            "module.eks.module.self_managed_node_group.data.aws_ami.eks_default",
            "module.eks.module.self_managed_node_group.data.aws_caller_identity.current",
            "module.eks.module.self_managed_node_group.data.aws_default_tags.current",
            "module.eks.module.self_managed_node_group.data.aws_iam_policy_document.assume_role_policy",
            "module.eks.module.self_managed_node_group.data.aws_partition.current",
            "module.eks.module.self_managed_node_group.module.user_data.data.cloudinit_config.linux_eks_managed_node_group",
            "null_resource.update_kubeconfig"
          ]
        }
      ]
    },
    {
      "module": "module.eks",
      "mode": "data",
      "type": "aws_caller_identity",
      "name": "current",
      "provider": "provider[\"registry.terraform.io/hashicorp/aws\"]",
      "instances": [
        {
          "schema_version": 0,
          "attributes": {
            "account_id": "624354623866",
            "arn": "arn:aws:sts::624354623866:assumed-role/voclabs/user3440597=silvadiazvaleria@gmail.com",
            "id": "624354623866",
            "user_id": "AROAZCXTPQF5J3H22QU2W:user3440597=silvadiazvaleria@gmail.com"
          },
          "sensitive_attributes": []
        }
      ]
    },
    {
      "module": "module.eks",
      "mode": "data",
      "type": "aws_default_tags",
      "name": "current",
      "provider": "provider[\"registry.terraform.io/hashicorp/aws\"]",
      "instances": [
        {
          "schema_version": 0,
          "attributes": {
            "id": "aws",
            "tags": {}
          },
          "sensitive_attributes": []
        }
      ]
    },
    {
      "module": "module.eks",
      "mode": "data",
      "type": "aws_iam_policy_document",
      "name": "assume_role_policy",
      "provider": "provider[\"registry.terraform.io/hashicorp/aws\"]",
      "instances": []
    },
    {
      "module": "module.eks",
      "mode": "data",
      "type": "aws_partition",
      "name": "current",
      "provider": "provider[\"registry.terraform.io/hashicorp/aws\"]",
      "instances": [
        {
          "schema_version": 0,
          "attributes": {
            "dns_suffix": "amazonaws.com",
            "id": "aws",
            "partition": "aws",
            "reverse_dns_prefix": "com.amazonaws"
          },
          "sensitive_attributes": []
        }
      ]
    },
    {
      "module": "module.eks",
      "mode": "data",
      "type": "tls_certificate",
      "name": "this",
      "provider": "provider[\"registry.terraform.io/hashicorp/tls\"]",
      "instances": []
    },
    {
      "module": "module.eks",
      "mode": "managed",
      "type": "aws_cloudwatch_log_group",
      "name": "this",
      "provider": "provider[\"registry.terraform.io/hashicorp/aws\"]",
      "instances": [
        {
          "index_key": 0,
          "schema_version": 0,
          "attributes": {
            "arn": "arn:aws:logs:us-east-1:624354623866:log-group:/aws/eks/terraform-eks/cluster",
            "id": "/aws/eks/terraform-eks/cluster",
            "kms_key_id": "",
            "log_group_class": "STANDARD",
            "name": "/aws/eks/terraform-eks/cluster",
            "name_prefix": "",
            "retention_in_days": 90,
            "skip_destroy": false,
            "tags": null,
            "tags_all": {}
          },
          "sensitive_attributes": [],
          "private": "bnVsbA==",
          "create_before_destroy": true
        }
      ]
    },
    {
      "module": "module.eks",
      "mode": "managed",
      "type": "aws_eks_addon",
      "name": "this",
      "provider": "provider[\"registry.terraform.io/hashicorp/aws\"]",
      "instances": []
    },
    {
      "module": "module.eks",
      "mode": "managed",
      "type": "aws_eks_cluster",
      "name": "this",
      "provider": "provider[\"registry.terraform.io/hashicorp/aws\"]",
      "instances": [
        {
          "index_key": 0,
          "schema_version": 1,
          "attributes": {
            "access_config": [
              {
                "authentication_mode": "CONFIG_MAP",
                "bootstrap_cluster_creator_admin_permissions": true
              }
            ],
            "arn": "arn:aws:eks:us-east-1:624354623866:cluster/terraform-eks",
            "bootstrap_self_managed_addons": true,
            "certificate_authority": [
              {
                "data": "LS0tLS1CRUdJTiBDRVJUSUZJQ0FURS0tLS0tCk1JSURCVENDQWUyZ0F3SUJBZ0lJSGZ5VWx5bU9BZ0F3RFFZSktvWklodmNOQVFFTEJRQXdGVEVUTUJFR0ExVUUKQXhNS2EzVmlaWEp1WlhSbGN6QWVGdzB5TkRFeE1qZ3lNVEV5TWpkYUZ3MHpOREV4TWpZeU1URTNNamRhTUJVeApFekFSQmdOVkJBTVRDbXQxWW1WeWJtVjBaWE13Z2dFaU1BMEdDU3FHU0liM0RRRUJBUVVBQTRJQkR3QXdnZ0VLCkFvSUJBUURCcnB1cHJ5ckltWXVaYTBYdDVaZk9vV0FsOTM5RmRpZlF0NG01Qko1eE1DU05YeDFyTDhJVmpGcFEKbm13bjIzWUsxOTI3ZTJGY0FhYnhrVEgzdDVldzlKUFhNZHB1S1NqYzU0eWdOdWhpcEYxZzVvMFdpTzhubXU3aQo3TEhDK1NkRTVYSzFyUW40SUZlQ05QL2x0My9oeEh2MCtkZXM5WEdIZXZVa1VPU3U0MWJ3VmhHdFg5ajEzb3hJCno2OGxyNnNnOUZxRW5FNHpHMGkvdjhmbFVpeU9RL1Bpb0FvRTcwa0FIemJNNEJVNFMyRjMyZW0xcWErRE1tWEoKTzhmT1NVMExXbkJERWQzN012Vkd2eDR5citlUVN0NHUrNUxnMVB6ZFd6Mjd6VE5HMklCdUxWL2VORmJ4c0owNAplNlpVS1ltYWFkQjB4dWlPcmNYbFY1QjRXN2o3QWdNQkFBR2pXVEJYTUE0R0ExVWREd0VCL3dRRUF3SUNwREFQCkJnTlZIUk1CQWY4RUJUQURBUUgvTUIwR0ExVWREZ1FXQkJUWWVZTUpaUWJ5K2xYS3FMQnpzaDBoVXBVOVNUQVYKQmdOVkhSRUVEakFNZ2dwcmRXSmxjbTVsZEdWek1BMEdDU3FHU0liM0RRRUJDd1VBQTRJQkFRQnRBcktqUWQyRgo5SEgydDg1bVVVUnFIclk1TElpMjYzQVZBOHZFUVl0alFpNDArMjZ3NTRnV0Z0QnFodjMvMnQ1ZU02MXFMZ1R0CmN0Sm1VYmN0S2MwY2dnaXFCUFRReXdhYUdsckZoSUlwUkVCVDdkTmpDMHVoQ0kzcW9OMTBJNWk3d2ZqUWtCYmwKQUtzLzM0c3drTTZ5Z1FKUWhJS1g5OXV0VGpsT3paZWZhemlBckVnYkhuMndDVlllRlRja1RrTnZudkx0SnNMYQprdVJkNDZraktodTJ2SUFUeVNNck5ENEJzNU8xT0RoM1dKZjNiK3JTWDUrdWtoRlllUzlCNDk3RWFhMWw5aExnCktldVhTWCt2V01KYmh5RnFHZ1UwWEtoZGQzb04zZjlmQ284ZXBvK0EzSXU0Z01MNS9ITkxmVFVvV0ErVVBwODAKZGJ2YURNd0hINzNnCi0tLS0tRU5EIENFUlRJRklDQVRFLS0tLS0K"
              }
            ],
            "cluster_id": null,
            "created_at": "2024-11-28T21:11:51Z",
            "enabled_cluster_log_types": [
              "api",
              "audit",
              "authenticator"
            ],
            "encryption_config": [],
            "endpoint": "https://8F0A4FA56CEF243345F82E4C8A5D64FF.gr7.us-east-1.eks.amazonaws.com",
            "id": "terraform-eks",
            "identity": [
              {
                "oidc": [
                  {
                    "issuer": "https://oidc.eks.us-east-1.amazonaws.com/id/8F0A4FA56CEF243345F82E4C8A5D64FF"
                  }
                ]
              }
            ],
            "kubernetes_network_config": [
              {
                "ip_family": "ipv4",
                "service_ipv4_cidr": "172.20.0.0/16",
                "service_ipv6_cidr": ""
              }
            ],
            "name": "terraform-eks",
            "outpost_config": [],
            "platform_version": "eks.35",
            "role_arn": "arn:aws:iam::624354623866:role/LabRole",
            "status": "ACTIVE",
            "tags": null,
            "tags_all": {},
            "timeouts": {
              "create": null,
              "delete": null,
              "update": null
            },
            "upgrade_policy": [
              {
                "support_type": "EXTENDED"
              }
            ],
            "version": "1.26",
            "vpc_config": [
              {
                "cluster_security_group_id": "sg-0451defcd9431789b",
                "endpoint_private_access": false,
                "endpoint_public_access": true,
                "public_access_cidrs": [
                  "0.0.0.0/0"
                ],
                "security_group_ids": [
                  "sg-0b6a564d4c00b46ea"
                ],
                "subnet_ids": [
                  "subnet-00612a86942037615",
                  "subnet-016c412f1f47c04b2"
                ],
                "vpc_id": "vpc-00544f357b9c9b581"
              }
            ],
            "zonal_shift_config": []
          },
          "sensitive_attributes": [],
          "private": "eyJlMmJmYjczMC1lY2FhLTExZTYtOGY4OC0zNDM2M2JjN2M0YzAiOnsiY3JlYXRlIjoxODAwMDAwMDAwMDAwLCJkZWxldGUiOjkwMDAwMDAwMDAwMCwidXBkYXRlIjozNjAwMDAwMDAwMDAwfSwic2NoZW1hX3ZlcnNpb24iOiIxIn0=",
          "dependencies": [
            "aws_subnet.public1",
            "aws_subnet.public2",
            "aws_vpc.main",
            "module.eks.aws_cloudwatch_log_group.this",
            "module.eks.aws_iam_role.this",
            "module.eks.aws_iam_role_policy_attachment.this",
            "module.eks.aws_security_group.cluster",
            "module.eks.aws_security_group.node",
            "module.eks.aws_security_group_rule.cluster",
            "module.eks.aws_security_group_rule.node",
            "module.eks.data.aws_caller_identity.current",
            "module.eks.data.aws_iam_policy_document.assume_role_policy",
            "module.eks.data.aws_partition.current",
            "module.eks.module.kms.aws_kms_external_key.this",
            "module.eks.module.kms.aws_kms_key.this",
            "module.eks.module.kms.data.aws_caller_identity.current",
            "module.eks.module.kms.data.aws_iam_policy_document.this",
            "module.eks.module.kms.data.aws_partition.current"
          ],
          "create_before_destroy": true
        }
      ]
    },
    {
      "module": "module.eks",
      "mode": "managed",
      "type": "aws_eks_identity_provider_config",
      "name": "this",
      "provider": "provider[\"registry.terraform.io/hashicorp/aws\"]",
      "instances": []
    },
    {
      "module": "module.eks",
      "mode": "managed",
      "type": "aws_iam_openid_connect_provider",
      "name": "oidc_provider",
      "provider": "provider[\"registry.terraform.io/hashicorp/aws\"]",
      "instances": []
    },
    {
      "module": "module.eks",
      "mode": "managed",
      "type": "aws_iam_role",
      "name": "this",
      "provider": "provider[\"registry.terraform.io/hashicorp/aws\"]",
      "instances": []
    },
    {
      "module": "module.eks",
      "mode": "managed",
      "type": "aws_iam_role_policy_attachment",
      "name": "this",
      "provider": "provider[\"registry.terraform.io/hashicorp/aws\"]",
      "instances": []
    },
    {
      "module": "module.eks",
      "mode": "managed",
      "type": "aws_security_group",
      "name": "cluster",
      "provider": "provider[\"registry.terraform.io/hashicorp/aws\"]",
      "instances": [
        {
          "index_key": 0,
          "schema_version": 1,
          "attributes": {
            "arn": "arn:aws:ec2:us-east-1:624354623866:security-group/sg-0b6a564d4c00b46ea",
            "description": "EKS cluster security group",
            "egress": [],
            "id": "sg-0b6a564d4c00b46ea",
            "ingress": [],
            "name": "terraform-eks-cluster-20241128211131359600000002",
            "name_prefix": "terraform-eks-cluster-",
            "owner_id": "624354623866",
            "revoke_rules_on_delete": false,
            "tags": {
              "Name": "terraform-eks-cluster"
            },
            "tags_all": {
              "Name": "terraform-eks-cluster"
            },
            "timeouts": null,
            "vpc_id": "vpc-00544f357b9c9b581"
          },
          "sensitive_attributes": [],
          "private": "eyJlMmJmYjczMC1lY2FhLTExZTYtOGY4OC0zNDM2M2JjN2M0YzAiOnsiY3JlYXRlIjo2MDAwMDAwMDAwMDAsImRlbGV0ZSI6OTAwMDAwMDAwMDAwfSwic2NoZW1hX3ZlcnNpb24iOiIxIn0=",
          "dependencies": [
            "aws_vpc.main"
          ],
          "create_before_destroy": true
        }
      ]
    },
    {
      "module": "module.eks",
      "mode": "managed",
      "type": "aws_security_group",
      "name": "node",
      "provider": "provider[\"registry.terraform.io/hashicorp/aws\"]",
      "instances": [
        {
          "index_key": 0,
          "schema_version": 1,
          "attributes": {
            "arn": "arn:aws:ec2:us-east-1:624354623866:security-group/sg-0a4bfd466ceb11b9a",
            "description": "EKS node shared security group",
            "egress": [],
            "id": "sg-0a4bfd466ceb11b9a",
            "ingress": [],
            "name": "terraform-eks-node-20241128211131359100000001",
            "name_prefix": "terraform-eks-node-",
            "owner_id": "624354623866",
            "revoke_rules_on_delete": false,
            "tags": {
              "Name": "terraform-eks-node",
              "kubernetes.io/cluster/terraform-eks": "owned"
            },
            "tags_all": {
              "Name": "terraform-eks-node",
              "kubernetes.io/cluster/terraform-eks": "owned"
            },
            "timeouts": null,
            "vpc_id": "vpc-00544f357b9c9b581"
          },
          "sensitive_attributes": [],
          "private": "eyJlMmJmYjczMC1lY2FhLTExZTYtOGY4OC0zNDM2M2JjN2M0YzAiOnsiY3JlYXRlIjo2MDAwMDAwMDAwMDAsImRlbGV0ZSI6OTAwMDAwMDAwMDAwfSwic2NoZW1hX3ZlcnNpb24iOiIxIn0=",
          "dependencies": [
            "aws_vpc.main"
          ],
          "create_before_destroy": true
        }
      ]
    },
    {
      "module": "module.eks",
      "mode": "managed",
      "type": "aws_security_group_rule",
      "name": "cluster",
      "provider": "provider[\"registry.terraform.io/hashicorp/aws\"]",
      "instances": [
        {
          "index_key": "egress_nodes_443",
          "schema_version": 2,
          "attributes": {
            "cidr_blocks": null,
            "description": "Cluster API to node groups",
            "from_port": 443,
            "id": "sgrule-1394933467",
            "ipv6_cidr_blocks": null,
            "prefix_list_ids": [],
            "protocol": "tcp",
            "security_group_id": "sg-0b6a564d4c00b46ea",
            "security_group_rule_id": "sgr-09b3c183ae1009a1d",
            "self": false,
            "source_security_group_id": "sg-0a4bfd466ceb11b9a",
            "timeouts": null,
            "to_port": 443,
            "type": "egress"
          },
          "sensitive_attributes": [],
          "private": "eyJlMmJmYjczMC1lY2FhLTExZTYtOGY4OC0zNDM2M2JjN2M0YzAiOnsiY3JlYXRlIjozMDAwMDAwMDAwMDB9LCJzY2hlbWFfdmVyc2lvbiI6IjIifQ==",
          "dependencies": [
            "aws_vpc.main",
            "module.eks.aws_security_group.cluster",
            "module.eks.aws_security_group.node"
          ],
          "create_before_destroy": true
        },
        {
          "index_key": "egress_nodes_kubelet",
          "schema_version": 2,
          "attributes": {
            "cidr_blocks": null,
            "description": "Cluster API to node kubelets",
            "from_port": 10250,
            "id": "sgrule-2285391813",
            "ipv6_cidr_blocks": null,
            "prefix_list_ids": [],
            "protocol": "tcp",
            "security_group_id": "sg-0b6a564d4c00b46ea",
            "security_group_rule_id": "sgr-0fcf44d6e3188acff",
            "self": false,
            "source_security_group_id": "sg-0a4bfd466ceb11b9a",
            "timeouts": null,
            "to_port": 10250,
            "type": "egress"
          },
          "sensitive_attributes": [],
          "private": "eyJlMmJmYjczMC1lY2FhLTExZTYtOGY4OC0zNDM2M2JjN2M0YzAiOnsiY3JlYXRlIjozMDAwMDAwMDAwMDB9LCJzY2hlbWFfdmVyc2lvbiI6IjIifQ==",
          "dependencies": [
            "aws_vpc.main",
            "module.eks.aws_security_group.cluster",
            "module.eks.aws_security_group.node"
          ],
          "create_before_destroy": true
        },
        {
          "index_key": "ingress_nodes_443",
          "schema_version": 2,
          "attributes": {
            "cidr_blocks": null,
            "description": "Node groups to cluster API",
            "from_port": 443,
            "id": "sgrule-3851110440",
            "ipv6_cidr_blocks": null,
            "prefix_list_ids": [],
            "protocol": "tcp",
            "security_group_id": "sg-0b6a564d4c00b46ea",
            "security_group_rule_id": "sgr-0b661ab05dc97e837",
            "self": false,
            "source_security_group_id": "sg-0a4bfd466ceb11b9a",
            "timeouts": null,
            "to_port": 443,
            "type": "ingress"
          },
          "sensitive_attributes": [],
          "private": "eyJlMmJmYjczMC1lY2FhLTExZTYtOGY4OC0zNDM2M2JjN2M0YzAiOnsiY3JlYXRlIjozMDAwMDAwMDAwMDB9LCJzY2hlbWFfdmVyc2lvbiI6IjIifQ==",
          "dependencies": [
            "aws_vpc.main",
            "module.eks.aws_security_group.cluster",
            "module.eks.aws_security_group.node"
          ],
          "create_before_destroy": true
        }
      ]
    },
    {
      "module": "module.eks",
      "mode": "managed",
      "type": "aws_security_group_rule",
      "name": "node",
      "provider": "provider[\"registry.terraform.io/hashicorp/aws\"]",
      "instances": [
        {
          "index_key": "egress_cluster_443",
          "schema_version": 2,
          "attributes": {
            "cidr_blocks": null,
            "description": "Node groups to cluster API",
            "from_port": 443,
            "id": "sgrule-4176674433",
            "ipv6_cidr_blocks": null,
            "prefix_list_ids": [],
            "protocol": "tcp",
            "security_group_id": "sg-0a4bfd466ceb11b9a",
            "security_group_rule_id": "sgr-03bbf7ff133e674ab",
            "self": false,
            "source_security_group_id": "sg-0b6a564d4c00b46ea",
            "timeouts": null,
            "to_port": 443,
            "type": "egress"
          },
          "sensitive_attributes": [],
          "private": "eyJlMmJmYjczMC1lY2FhLTExZTYtOGY4OC0zNDM2M2JjN2M0YzAiOnsiY3JlYXRlIjozMDAwMDAwMDAwMDB9LCJzY2hlbWFfdmVyc2lvbiI6IjIifQ==",
          "dependencies": [
            "aws_vpc.main",
            "module.eks.aws_security_group.cluster",
            "module.eks.aws_security_group.node"
          ],
          "create_before_destroy": true
        },
        {
          "index_key": "egress_https",
          "schema_version": 2,
          "attributes": {
            "cidr_blocks": [
              "0.0.0.0/0"
            ],
            "description": "Egress all HTTPS to internet",
            "from_port": 443,
            "id": "sgrule-822803460",
            "ipv6_cidr_blocks": null,
            "prefix_list_ids": [],
            "protocol": "tcp",
            "security_group_id": "sg-0a4bfd466ceb11b9a",
            "security_group_rule_id": "sgr-0beb33352fb981788",
            "self": false,
            "source_security_group_id": null,
            "timeouts": null,
            "to_port": 443,
            "type": "egress"
          },
          "sensitive_attributes": [],
          "private": "eyJlMmJmYjczMC1lY2FhLTExZTYtOGY4OC0zNDM2M2JjN2M0YzAiOnsiY3JlYXRlIjozMDAwMDAwMDAwMDB9LCJzY2hlbWFfdmVyc2lvbiI6IjIifQ==",
          "dependencies": [
            "aws_vpc.main",
            "module.eks.aws_security_group.cluster",
            "module.eks.aws_security_group.node"
          ],
          "create_before_destroy": true
        },
        {
          "index_key": "egress_ntp_tcp",
          "schema_version": 2,
          "attributes": {
            "cidr_blocks": [
              "0.0.0.0/0"
            ],
            "description": "Egress NTP/TCP to internet",
            "from_port": 123,
            "id": "sgrule-4006920474",
            "ipv6_cidr_blocks": null,
            "prefix_list_ids": [],
            "protocol": "tcp",
            "security_group_id": "sg-0a4bfd466ceb11b9a",
            "security_group_rule_id": "sgr-01b43b750dca22e04",
            "self": false,
            "source_security_group_id": null,
            "timeouts": null,
            "to_port": 123,
            "type": "egress"
          },
          "sensitive_attributes": [],
          "private": "eyJlMmJmYjczMC1lY2FhLTExZTYtOGY4OC0zNDM2M2JjN2M0YzAiOnsiY3JlYXRlIjozMDAwMDAwMDAwMDB9LCJzY2hlbWFfdmVyc2lvbiI6IjIifQ==",
          "dependencies": [
            "aws_vpc.main",
            "module.eks.aws_security_group.cluster",
            "module.eks.aws_security_group.node"
          ],
          "create_before_destroy": true
        },
        {
          "index_key": "egress_ntp_udp",
          "schema_version": 2,
          "attributes": {
            "cidr_blocks": [
              "0.0.0.0/0"
            ],
            "description": "Egress NTP/UDP to internet",
            "from_port": 123,
            "id": "sgrule-2420827159",
            "ipv6_cidr_blocks": null,
            "prefix_list_ids": [],
            "protocol": "udp",
            "security_group_id": "sg-0a4bfd466ceb11b9a",
            "security_group_rule_id": "sgr-07b5ae2a5def2c34e",
            "self": false,
            "source_security_group_id": null,
            "timeouts": null,
            "to_port": 123,
            "type": "egress"
          },
          "sensitive_attributes": [],
          "private": "eyJlMmJmYjczMC1lY2FhLTExZTYtOGY4OC0zNDM2M2JjN2M0YzAiOnsiY3JlYXRlIjozMDAwMDAwMDAwMDB9LCJzY2hlbWFfdmVyc2lvbiI6IjIifQ==",
          "dependencies": [
            "aws_vpc.main",
            "module.eks.aws_security_group.cluster",
            "module.eks.aws_security_group.node"
          ],
          "create_before_destroy": true
        },
        {
          "index_key": "egress_rule",
          "schema_version": 2,
          "attributes": {
            "cidr_blocks": [
              "0.0.0.0/0"
            ],
            "description": "Allow all outbound traffic",
            "from_port": 0,
            "id": "sgrule-1192090125",
            "ipv6_cidr_blocks": null,
            "prefix_list_ids": [],
            "protocol": "-1",
            "security_group_id": "sg-0a4bfd466ceb11b9a",
            "security_group_rule_id": "sgr-02e4080fffc828085",
            "self": false,
            "source_security_group_id": null,
            "timeouts": null,
            "to_port": 0,
            "type": "egress"
          },
          "sensitive_attributes": [],
          "private": "eyJlMmJmYjczMC1lY2FhLTExZTYtOGY4OC0zNDM2M2JjN2M0YzAiOnsiY3JlYXRlIjozMDAwMDAwMDAwMDB9LCJzY2hlbWFfdmVyc2lvbiI6IjIifQ==",
          "dependencies": [
            "aws_vpc.main",
            "module.eks.aws_security_group.cluster",
            "module.eks.aws_security_group.node"
          ],
          "create_before_destroy": true
        },
        {
          "index_key": "egress_self_coredns_tcp",
          "schema_version": 2,
          "attributes": {
            "cidr_blocks": null,
            "description": "Node to node CoreDNS",
            "from_port": 53,
            "id": "sgrule-775855999",
            "ipv6_cidr_blocks": null,
            "prefix_list_ids": [],
            "protocol": "tcp",
            "security_group_id": "sg-0a4bfd466ceb11b9a",
            "security_group_rule_id": "sgr-030269cfedc7a8bbb",
            "self": true,
            "source_security_group_id": null,
            "timeouts": null,
            "to_port": 53,
            "type": "egress"
          },
          "sensitive_attributes": [],
          "private": "eyJlMmJmYjczMC1lY2FhLTExZTYtOGY4OC0zNDM2M2JjN2M0YzAiOnsiY3JlYXRlIjozMDAwMDAwMDAwMDB9LCJzY2hlbWFfdmVyc2lvbiI6IjIifQ==",
          "dependencies": [
            "aws_vpc.main",
            "module.eks.aws_security_group.cluster",
            "module.eks.aws_security_group.node"
          ],
          "create_before_destroy": true
        },
        {
          "index_key": "egress_self_coredns_udp",
          "schema_version": 2,
          "attributes": {
            "cidr_blocks": null,
            "description": "Node to node CoreDNS",
            "from_port": 53,
            "id": "sgrule-2690194713",
            "ipv6_cidr_blocks": null,
            "prefix_list_ids": [],
            "protocol": "udp",
            "security_group_id": "sg-0a4bfd466ceb11b9a",
            "security_group_rule_id": "sgr-06512a730fc84bc90",
            "self": true,
            "source_security_group_id": null,
            "timeouts": null,
            "to_port": 53,
            "type": "egress"
          },
          "sensitive_attributes": [],
          "private": "eyJlMmJmYjczMC1lY2FhLTExZTYtOGY4OC0zNDM2M2JjN2M0YzAiOnsiY3JlYXRlIjozMDAwMDAwMDAwMDB9LCJzY2hlbWFfdmVyc2lvbiI6IjIifQ==",
          "dependencies": [
            "aws_vpc.main",
            "module.eks.aws_security_group.cluster",
            "module.eks.aws_security_group.node"
          ],
          "create_before_destroy": true
        },
        {
          "index_key": "ingress_cluster_443",
          "schema_version": 2,
          "attributes": {
            "cidr_blocks": null,
            "description": "Cluster API to node groups",
            "from_port": 443,
            "id": "sgrule-3736108253",
            "ipv6_cidr_blocks": null,
            "prefix_list_ids": [],
            "protocol": "tcp",
            "security_group_id": "sg-0a4bfd466ceb11b9a",
            "security_group_rule_id": "sgr-0b8c3902deb0be25e",
            "self": false,
            "source_security_group_id": "sg-0b6a564d4c00b46ea",
            "timeouts": null,
            "to_port": 443,
            "type": "ingress"
          },
          "sensitive_attributes": [],
          "private": "eyJlMmJmYjczMC1lY2FhLTExZTYtOGY4OC0zNDM2M2JjN2M0YzAiOnsiY3JlYXRlIjozMDAwMDAwMDAwMDB9LCJzY2hlbWFfdmVyc2lvbiI6IjIifQ==",
          "dependencies": [
            "aws_vpc.main",
            "module.eks.aws_security_group.cluster",
            "module.eks.aws_security_group.node"
          ],
          "create_before_destroy": true
        },
        {
          "index_key": "ingress_cluster_kubelet",
          "schema_version": 2,
          "attributes": {
            "cidr_blocks": null,
            "description": "Cluster API to node kubelets",
            "from_port": 10250,
            "id": "sgrule-4038518585",
            "ipv6_cidr_blocks": null,
            "prefix_list_ids": [],
            "protocol": "tcp",
            "security_group_id": "sg-0a4bfd466ceb11b9a",
            "security_group_rule_id": "sgr-03755446623372222",
            "self": false,
            "source_security_group_id": "sg-0b6a564d4c00b46ea",
            "timeouts": null,
            "to_port": 10250,
            "type": "ingress"
          },
          "sensitive_attributes": [],
          "private": "eyJlMmJmYjczMC1lY2FhLTExZTYtOGY4OC0zNDM2M2JjN2M0YzAiOnsiY3JlYXRlIjozMDAwMDAwMDAwMDB9LCJzY2hlbWFfdmVyc2lvbiI6IjIifQ==",
          "dependencies": [
            "aws_vpc.main",
            "module.eks.aws_security_group.cluster",
            "module.eks.aws_security_group.node"
          ],
          "create_before_destroy": true
        },
        {
          "index_key": "ingress_rule",
          "schema_version": 2,
          "attributes": {
            "cidr_blocks": [
              "0.0.0.0/0"
            ],
            "description": "Allow all inbound traffic",
            "from_port": 0,
            "id": "sgrule-4243870259",
            "ipv6_cidr_blocks": null,
            "prefix_list_ids": [],
            "protocol": "-1",
            "security_group_id": "sg-0a4bfd466ceb11b9a",
            "security_group_rule_id": "sgr-09240bd1b1e9e0b41",
            "self": false,
            "source_security_group_id": null,
            "timeouts": null,
            "to_port": 0,
            "type": "ingress"
          },
          "sensitive_attributes": [],
          "private": "eyJlMmJmYjczMC1lY2FhLTExZTYtOGY4OC0zNDM2M2JjN2M0YzAiOnsiY3JlYXRlIjozMDAwMDAwMDAwMDB9LCJzY2hlbWFfdmVyc2lvbiI6IjIifQ==",
          "dependencies": [
            "aws_vpc.main",
            "module.eks.aws_security_group.cluster",
            "module.eks.aws_security_group.node"
          ],
          "create_before_destroy": true
        },
        {
          "index_key": "ingress_self_coredns_tcp",
          "schema_version": 2,
          "attributes": {
            "cidr_blocks": null,
            "description": "Node to node CoreDNS",
            "from_port": 53,
            "id": "sgrule-877475256",
            "ipv6_cidr_blocks": null,
            "prefix_list_ids": [],
            "protocol": "tcp",
            "security_group_id": "sg-0a4bfd466ceb11b9a",
            "security_group_rule_id": "sgr-05938e8d6c0d5d35d",
            "self": true,
            "source_security_group_id": null,
            "timeouts": null,
            "to_port": 53,
            "type": "ingress"
          },
          "sensitive_attributes": [],
          "private": "eyJlMmJmYjczMC1lY2FhLTExZTYtOGY4OC0zNDM2M2JjN2M0YzAiOnsiY3JlYXRlIjozMDAwMDAwMDAwMDB9LCJzY2hlbWFfdmVyc2lvbiI6IjIifQ==",
          "dependencies": [
            "aws_vpc.main",
            "module.eks.aws_security_group.cluster",
            "module.eks.aws_security_group.node"
          ],
          "create_before_destroy": true
        },
        {
          "index_key": "ingress_self_coredns_udp",
          "schema_version": 2,
          "attributes": {
            "cidr_blocks": null,
            "description": "Node to node CoreDNS",
            "from_port": 53,
            "id": "sgrule-2417137239",
            "ipv6_cidr_blocks": null,
            "prefix_list_ids": [],
            "protocol": "udp",
            "security_group_id": "sg-0a4bfd466ceb11b9a",
            "security_group_rule_id": "sgr-0eb4bbb3555bcfef6",
            "self": true,
            "source_security_group_id": null,
            "timeouts": null,
            "to_port": 53,
            "type": "ingress"
          },
          "sensitive_attributes": [],
          "private": "eyJlMmJmYjczMC1lY2FhLTExZTYtOGY4OC0zNDM2M2JjN2M0YzAiOnsiY3JlYXRlIjozMDAwMDAwMDAwMDB9LCJzY2hlbWFfdmVyc2lvbiI6IjIifQ==",
          "dependencies": [
            "aws_vpc.main",
            "module.eks.aws_security_group.cluster",
            "module.eks.aws_security_group.node"
          ],
          "create_before_destroy": true
        }
      ]
    },
    {
      "module": "module.eks.module.eks_managed_node_group[\"workers\"]",
      "mode": "data",
      "type": "aws_caller_identity",
      "name": "current",
      "provider": "provider[\"registry.terraform.io/hashicorp/aws\"]",
      "instances": [
        {
          "schema_version": 0,
          "attributes": {
            "account_id": "624354623866",
            "arn": "arn:aws:sts::624354623866:assumed-role/voclabs/user3440597=silvadiazvaleria@gmail.com",
            "id": "624354623866",
            "user_id": "AROAZCXTPQF5J3H22QU2W:user3440597=silvadiazvaleria@gmail.com"
          },
          "sensitive_attributes": []
        }
      ]
    },
    {
      "module": "module.eks.module.eks_managed_node_group[\"workers\"]",
      "mode": "data",
      "type": "aws_iam_policy_document",
      "name": "assume_role_policy",
      "provider": "provider[\"registry.terraform.io/hashicorp/aws\"]",
      "instances": []
    },
    {
      "module": "module.eks.module.eks_managed_node_group[\"workers\"]",
      "mode": "data",
      "type": "aws_partition",
      "name": "current",
      "provider": "provider[\"registry.terraform.io/hashicorp/aws\"]",
      "instances": [
        {
          "schema_version": 0,
          "attributes": {
            "dns_suffix": "amazonaws.com",
            "id": "aws",
            "partition": "aws",
            "reverse_dns_prefix": "com.amazonaws"
          },
          "sensitive_attributes": []
        }
      ]
    },
    {
      "module": "module.eks.module.eks_managed_node_group[\"workers\"]",
      "mode": "managed",
      "type": "aws_eks_node_group",
      "name": "this",
      "provider": "provider[\"registry.terraform.io/hashicorp/aws\"]",
      "instances": [
        {
          "index_key": 0,
          "schema_version": 0,
          "attributes": {
            "ami_type": "AL2_x86_64",
            "arn": "arn:aws:eks:us-east-1:624354623866:nodegroup/terraform-eks/workers-20241128212024478000000009/6cc9ba52-c839-e64c-c9fe-f1101e15395e",
            "capacity_type": "ON_DEMAND",
            "cluster_name": "terraform-eks",
            "disk_size": 0,
            "force_update_version": null,
            "id": "terraform-eks:workers-20241128212024478000000009",
            "instance_types": [
              "t3.medium"
            ],
            "labels": null,
            "launch_template": [
              {
                "id": "lt-0166c477b7415498a",
                "name": "workers-20241128212017595000000007",
                "version": "1"
              }
            ],
            "node_group_name": "workers-20241128212024478000000009",
            "node_group_name_prefix": "workers-",
            "node_role_arn": "arn:aws:iam::624354623866:role/LabRole",
            "release_version": "1.26.15-20241121",
            "remote_access": [],
            "resources": [
              {
                "autoscaling_groups": [
                  {
                    "name": "eks-workers-20241128212024478000000009-6cc9ba52-c839-e64c-c9fe-f1101e15395e"
                  }
                ],
                "remote_access_security_group_id": ""
              }
            ],
            "scaling_config": [
              {
                "desired_size": 2,
                "max_size": 3,
                "min_size": 2
              }
            ],
            "status": "ACTIVE",
            "subnet_ids": [
              "subnet-095b231ce6cdcbd6e",
              "subnet-0b496fb8bab590279"
            ],
            "tags": {
              "Name": "workers"
            },
            "tags_all": {
              "Name": "workers"
            },
            "taint": [],
            "timeouts": {
              "create": null,
              "delete": null,
              "update": null
            },
            "update_config": [
              {
                "max_unavailable": 1,
                "max_unavailable_percentage": 0
              }
            ],
            "version": "1.26"
          },
          "sensitive_attributes": [],
          "private": "eyJlMmJmYjczMC1lY2FhLTExZTYtOGY4OC0zNDM2M2JjN2M0YzAiOnsiY3JlYXRlIjozNjAwMDAwMDAwMDAwLCJkZWxldGUiOjM2MDAwMDAwMDAwMDAsInVwZGF0ZSI6MzYwMDAwMDAwMDAwMH19",
          "dependencies": [
            "aws_subnet.private1",
            "aws_subnet.private2",
            "aws_subnet.public1",
            "aws_subnet.public2",
            "aws_vpc.main",
            "module.eks.aws_cloudwatch_log_group.this",
            "module.eks.aws_eks_cluster.this",
            "module.eks.aws_iam_role.this",
            "module.eks.aws_iam_role_policy_attachment.this",
            "module.eks.aws_security_group.cluster",
            "module.eks.aws_security_group.node",
            "module.eks.aws_security_group_rule.cluster",
            "module.eks.aws_security_group_rule.node",
            "module.eks.data.aws_caller_identity.current",
            "module.eks.data.aws_iam_policy_document.assume_role_policy",
            "module.eks.data.aws_partition.current",
            "module.eks.module.eks_managed_node_group.aws_iam_role.this",
            "module.eks.module.eks_managed_node_group.aws_iam_role_policy_attachment.this",
            "module.eks.module.eks_managed_node_group.aws_launch_template.this",
            "module.eks.module.eks_managed_node_group.aws_security_group.this",
            "module.eks.module.eks_managed_node_group.aws_security_group_rule.this",
            "module.eks.module.eks_managed_node_group.data.aws_caller_identity.current",
            "module.eks.module.eks_managed_node_group.data.aws_iam_policy_document.assume_role_policy",
            "module.eks.module.eks_managed_node_group.data.aws_partition.current",
            "module.eks.module.eks_managed_node_group.module.user_data.data.cloudinit_config.linux_eks_managed_node_group",
            "module.eks.module.kms.aws_kms_external_key.this",
            "module.eks.module.kms.aws_kms_key.this",
            "module.eks.module.kms.data.aws_caller_identity.current",
            "module.eks.module.kms.data.aws_iam_policy_document.this",
            "module.eks.module.kms.data.aws_partition.current"
          ],
          "create_before_destroy": true
        }
      ]
    },
    {
      "module": "module.eks.module.eks_managed_node_group[\"workers\"]",
      "mode": "managed",
      "type": "aws_iam_role",
      "name": "this",
      "provider": "provider[\"registry.terraform.io/hashicorp/aws\"]",
      "instances": []
    },
    {
      "module": "module.eks.module.eks_managed_node_group[\"workers\"]",
      "mode": "managed",
      "type": "aws_iam_role_policy_attachment",
      "name": "this",
      "provider": "provider[\"registry.terraform.io/hashicorp/aws\"]",
      "instances": []
    },
    {
      "module": "module.eks.module.eks_managed_node_group[\"workers\"]",
      "mode": "managed",
      "type": "aws_launch_template",
      "name": "this",
      "provider": "provider[\"registry.terraform.io/hashicorp/aws\"]",
      "instances": [
        {
          "index_key": 0,
          "schema_version": 0,
          "attributes": {
            "arn": "arn:aws:ec2:us-east-1:624354623866:launch-template/lt-0166c477b7415498a",
            "block_device_mappings": [],
            "capacity_reservation_specification": [],
            "cpu_options": [],
            "credit_specification": [],
            "default_version": 1,
            "description": "Custom launch template for workers EKS managed node group",
            "disable_api_stop": false,
            "disable_api_termination": false,
            "ebs_optimized": "",
            "elastic_gpu_specifications": [],
            "elastic_inference_accelerator": [],
            "enclave_options": [],
            "hibernation_options": [],
            "iam_instance_profile": [],
            "id": "lt-0166c477b7415498a",
            "image_id": "",
            "instance_initiated_shutdown_behavior": "",
            "instance_market_options": [],
            "instance_requirements": [],
            "instance_type": "",
            "kernel_id": "",
            "key_name": "",
            "latest_version": 1,
            "license_specification": [],
            "maintenance_options": [],
            "metadata_options": [
              {
                "http_endpoint": "enabled",
                "http_protocol_ipv6": "",
                "http_put_response_hop_limit": 2,
                "http_tokens": "required",
                "instance_metadata_tags": ""
              }
            ],
            "monitoring": [
              {
                "enabled": true
              }
            ],
            "name": "workers-20241128212017595000000007",
            "name_prefix": "workers-",
            "network_interfaces": [],
            "placement": [],
            "private_dns_name_options": [],
            "ram_disk_id": "",
            "security_group_names": null,
            "tag_specifications": [
              {
                "resource_type": "instance",
                "tags": {
                  "Name": "workers"
                }
              },
              {
                "resource_type": "network-interface",
                "tags": {
                  "Name": "workers"
                }
              },
              {
                "resource_type": "volume",
                "tags": {
                  "Name": "workers"
                }
              }
            ],
            "tags": null,
            "tags_all": {},
            "update_default_version": true,
            "user_data": "",
            "vpc_security_group_ids": [
              "sg-04f6f813b9ba7a630",
              "sg-0a4bfd466ceb11b9a"
            ]
          },
          "sensitive_attributes": [],
          "private": "bnVsbA==",
          "dependencies": [
            "aws_subnet.private1",
            "aws_subnet.private2",
            "aws_subnet.public1",
            "aws_subnet.public2",
            "aws_vpc.main",
            "module.eks.aws_cloudwatch_log_group.this",
            "module.eks.aws_eks_cluster.this",
            "module.eks.aws_iam_role.this",
            "module.eks.aws_iam_role_policy_attachment.this",
            "module.eks.aws_security_group.cluster",
            "module.eks.aws_security_group.node",
            "module.eks.aws_security_group_rule.cluster",
            "module.eks.aws_security_group_rule.node",
            "module.eks.data.aws_caller_identity.current",
            "module.eks.data.aws_iam_policy_document.assume_role_policy",
            "module.eks.data.aws_partition.current",
            "module.eks.module.eks_managed_node_group.aws_iam_role.this",
            "module.eks.module.eks_managed_node_group.aws_iam_role_policy_attachment.this",
            "module.eks.module.eks_managed_node_group.aws_security_group.this",
            "module.eks.module.eks_managed_node_group.aws_security_group_rule.this",
            "module.eks.module.eks_managed_node_group.data.aws_caller_identity.current",
            "module.eks.module.eks_managed_node_group.data.aws_iam_policy_document.assume_role_policy",
            "module.eks.module.eks_managed_node_group.data.aws_partition.current",
            "module.eks.module.eks_managed_node_group.module.user_data.data.cloudinit_config.linux_eks_managed_node_group",
            "module.eks.module.kms.aws_kms_external_key.this",
            "module.eks.module.kms.aws_kms_key.this",
            "module.eks.module.kms.data.aws_caller_identity.current",
            "module.eks.module.kms.data.aws_iam_policy_document.this",
            "module.eks.module.kms.data.aws_partition.current"
          ],
          "create_before_destroy": true
        }
      ]
    },
    {
      "module": "module.eks.module.eks_managed_node_group[\"workers\"]",
      "mode": "managed",
      "type": "aws_security_group",
      "name": "this",
      "provider": "provider[\"registry.terraform.io/hashicorp/aws\"]",
      "instances": [
        {
          "index_key": 0,
          "schema_version": 1,
          "attributes": {
            "arn": "arn:aws:ec2:us-east-1:624354623866:security-group/sg-04f6f813b9ba7a630",
            "description": "EKS managed node group security group",
            "egress": [],
            "id": "sg-04f6f813b9ba7a630",
            "ingress": [],
            "name": "workers-eks-node-group-20241128211132928400000004",
            "name_prefix": "workers-eks-node-group-",
            "owner_id": "624354623866",
            "revoke_rules_on_delete": false,
            "tags": {
              "Name": "workers-eks-node-group"
            },
            "tags_all": {
              "Name": "workers-eks-node-group"
            },
            "timeouts": null,
            "vpc_id": "vpc-00544f357b9c9b581"
          },
          "sensitive_attributes": [],
          "private": "eyJlMmJmYjczMC1lY2FhLTExZTYtOGY4OC0zNDM2M2JjN2M0YzAiOnsiY3JlYXRlIjo2MDAwMDAwMDAwMDAsImRlbGV0ZSI6OTAwMDAwMDAwMDAwfSwic2NoZW1hX3ZlcnNpb24iOiIxIn0=",
          "dependencies": [
            "aws_subnet.private1",
            "aws_subnet.private2",
            "aws_vpc.main"
          ],
          "create_before_destroy": true
        }
      ]
    },
    {
      "module": "module.eks.module.eks_managed_node_group[\"workers\"]",
      "mode": "managed",
      "type": "aws_security_group_rule",
      "name": "this",
      "provider": "provider[\"registry.terraform.io/hashicorp/aws\"]",
      "instances": []
    },
    {
      "module": "module.eks.module.eks_managed_node_group[\"workers\"].module.user_data",
      "mode": "data",
      "type": "cloudinit_config",
      "name": "linux_eks_managed_node_group",
      "provider": "provider[\"registry.terraform.io/hashicorp/cloudinit\"]",
      "instances": []
    },
    {
      "module": "module.eks.module.kms",
      "mode": "data",
      "type": "aws_caller_identity",
      "name": "current",
      "provider": "provider[\"registry.terraform.io/hashicorp/aws\"]",
      "instances": [
        {
          "schema_version": 0,
          "attributes": {
            "account_id": "624354623866",
            "arn": "arn:aws:sts::624354623866:assumed-role/voclabs/user3440597=silvadiazvaleria@gmail.com",
            "id": "624354623866",
            "user_id": "AROAZCXTPQF5J3H22QU2W:user3440597=silvadiazvaleria@gmail.com"
          },
          "sensitive_attributes": []
        }
      ]
    },
    {
      "module": "module.eks.module.kms",
      "mode": "data",
      "type": "aws_iam_policy_document",
      "name": "this",
      "provider": "provider[\"registry.terraform.io/hashicorp/aws\"]",
      "instances": []
    },
    {
      "module": "module.eks.module.kms",
      "mode": "data",
      "type": "aws_partition",
      "name": "current",
      "provider": "provider[\"registry.terraform.io/hashicorp/aws\"]",
      "instances": [
        {
          "schema_version": 0,
          "attributes": {
            "dns_suffix": "amazonaws.com",
            "id": "aws",
            "partition": "aws",
            "reverse_dns_prefix": "com.amazonaws"
          },
          "sensitive_attributes": []
        }
      ]
    },
    {
      "module": "module.eks.module.kms",
      "mode": "managed",
      "type": "aws_kms_external_key",
      "name": "this",
      "provider": "provider[\"registry.terraform.io/hashicorp/aws\"]",
      "instances": []
    },
    {
      "module": "module.eks.module.kms",
      "mode": "managed",
      "type": "aws_kms_key",
      "name": "this",
      "provider": "provider[\"registry.terraform.io/hashicorp/aws\"]",
      "instances": []
    }
  ],
  "check_results": null
}
